
Microsoft Visual Studio Solution File, Format Version 12.00
# Visual Studio Version 16
VisualStudioVersion = 16.0.31702.278
MinimumVisualStudioVersion = 10.0.40219.1
Project("{9A19103F-16F7-4668-BE54-9A1E7A4F7556}") = "e-Locadora5.WindowsApp", "e-Locadora5.WindowsApp\e-Locadora5.WindowsApp.csproj", "{4A693C00-48AE-4B30-8797-8B06F4CC6B19}"
EndProject
Project("{9A19103F-16F7-4668-BE54-9A1E7A4F7556}") = "e-Locadora5.Dominio", "e-Locadora5.Dominio\e-Locadora5.Dominio.csproj", "{35394F92-1CF1-405C-8F76-4957E8B4A8CA}"
EndProject
Project("{9A19103F-16F7-4668-BE54-9A1E7A4F7556}") = "e-Locadora5.Configuracoes", "e-Locadora5.Configuracoes\e-Locadora5.Configuracoes.csproj", "{D2CB812D-39E7-4A7C-A4A8-A59CF62978E1}"
EndProject
Project("{00D1A9C2-B5F0-4AF3-8072-F6C62B433612}") = "e-Locadora5.DatabaseSQL", "e-Locadora5.DatabaseSQL\e-Locadora5.DatabaseSQL.sqlproj", "{31FCA7EC-A132-49A2-B82E-9EDF0EE3A5C0}"
EndProject
Project("{2150E333-8FDC-42A3-9474-1A3956D46DE8}") = "src", "src", "{A39C0E7E-3015-4254-B6B3-36AAC53453A4}"
EndProject
Project("{2150E333-8FDC-42A3-9474-1A3956D46DE8}") = "tests", "tests", "{A54EF851-10F1-4C40-B4BB-81091CF9B9D0}"
EndProject
Project("{9A19103F-16F7-4668-BE54-9A1E7A4F7556}") = "e-Locadora5.Tests", "e-Locadora5.Tests\e-Locadora5.Tests.csproj", "{DAD20EDF-6A93-48BE-B65C-1C2F182EADF6}"
EndProject
Project("{9A19103F-16F7-4668-BE54-9A1E7A4F7556}") = "e-Locadora5.Infra.ExtensionMethods", "e-Locadora5.Infra.ExtensionMethods\e-Locadora5.Infra.ExtensionMethods.csproj", "{F1F151E5-37CB-425F-AA7A-0A3914209A9F}"
EndProject
Project("{9A19103F-16F7-4668-BE54-9A1E7A4F7556}") = "e-Locadora5.Infra.InternetServices", "e-Locadora5.Infra.InternetServices\e-Locadora5.Infra.InternetServices.csproj", "{5A77EB5B-80BC-485B-9A3A-9057A3D04AAE}"
EndProject
Project("{9A19103F-16F7-4668-BE54-9A1E7A4F7556}") = "e-Locadora5.Infra.ORM", "e-Locadora5.Infra.ORM\e-Locadora5.Infra.ORM.csproj", "{82ED091A-9894-4C77-A80A-DA04B62D185A}"
EndProject
Project("{9A19103F-16F7-4668-BE54-9A1E7A4F7556}") = "e-Locadora5.Infra.PDF", "e-Locadora5.Infra.PDF\e-Locadora5.Infra.PDF.csproj", "{BC02F6D5-199B-4C9C-BB55-102A173C1B26}"
EndProject
Project("{9A19103F-16F7-4668-BE54-9A1E7A4F7556}") = "e-Locadora5.Infra.SQL", "e-Locadora5.Infra.SQL\e-Locadora5.Infra.SQL.csproj", "{D691DEF6-BBBA-4E4B-A1F0-B0E984288A0E}"
EndProject
Project("{2150E333-8FDC-42A3-9474-1A3956D46DE8}") = "1. Apresentacao", "1. Apresentacao", "{36BC675D-2698-4453-A01D-C1B462C7394F}"
EndProject
Project("{2150E333-8FDC-42A3-9474-1A3956D46DE8}") = "2. Aplicacao", "2. Aplicacao", "{FF07E2B8-13A3-4F61-9300-E3179F5158A1}"
EndProject
Project("{2150E333-8FDC-42A3-9474-1A3956D46DE8}") = "3. Dominio", "3. Dominio", "{BC391AF4-4CCC-4B72-9423-B1A9FD75BCA7}"
EndProject
Project("{2150E333-8FDC-42A3-9474-1A3956D46DE8}") = "4. Infraestrutura", "4. Infraestrutura", "{4DF93BAB-9398-46F0-8561-D32D99CAA877}"
EndProject
Project("{2150E333-8FDC-42A3-9474-1A3956D46DE8}") = "5. Banco de dados", "5. Banco de dados", "{8316D9DE-F54F-48A0-BDF5-4430412E4216}"
EndProject
Project("{9A19103F-16F7-4668-BE54-9A1E7A4F7556}") = "e-Locadora5.Aplicacao", "e-Locadora5.Aplicacao\e-Locadora5.Aplicacao.csproj", "{370D0788-04B8-4EAF-879B-2A90A8AE57EB}"
EndProject
Project("{2150E333-8FDC-42A3-9474-1A3956D46DE8}") = "DAO", "DAO", "{B32A572C-01AD-4BAF-A576-230499AA7342}"
EndProject
Project("{9A19103F-16F7-4668-BE54-9A1E7A4F7556}") = "e-Locadora5.Infra.Email", "e-Locadora5.Infra.Email\e-Locadora5.Infra.Email.csproj", "{E7612FAE-AAEE-42E1-8C92-0A81CCAD0537}"
EndProject
Project("{9A19103F-16F7-4668-BE54-9A1E7A4F7556}") = "e-Locadora5.AppServiceTests", "e-Locadora5.AppServiceTests\e-Locadora5.AppServiceTests.csproj", "{2530232C-512A-4926-AB92-D2445F5DBC6B}"
EndProject
Project("{9A19103F-16F7-4668-BE54-9A1E7A4F7556}") = "e-Locadora5.DAOTests", "e-Locadora5.DAOTests\e-Locadora5.DAOTests.csproj", "{5437E18B-8B46-4589-A5DA-5F9BBD3D35C7}"
EndProject
Project("{9A19103F-16F7-4668-BE54-9A1E7A4F7556}") = "e-Locadora5.DominioTests", "e-Locadora5.DominioTests\e-Locadora5.DominioTests.csproj", "{C5152B1D-BA61-47BC-A99D-E2DC4D7D4F32}"
EndProject
Project("{9A19103F-16F7-4668-BE54-9A1E7A4F7556}") = "e-Locadora5.DataBuilderTest", "e-Locadora5.DataBuilderTest\e-Locadora5.DataBuilderTest.csproj", "{CD9FE878-8A62-432F-BF7E-CF7EADE5767D}"
EndProject
Project("{9A19103F-16F7-4668-BE54-9A1E7A4F7556}") = "e-Locadora5.Infra.GeradorLogs", "e-Locadora5.Infra.GeradorLogs\e-Locadora5.Infra.GeradorLogs.csproj", "{497644EC-2182-4143-BD2F-5D113D2B0A34}"
EndProject
Project("{9A19103F-16F7-4668-BE54-9A1E7A4F7556}") = "e-Locadora5.EFTests", "e-Locadora5.EFTests\e-Locadora5.EFTests.csproj", "{052DCCCA-0DC6-4E65-824B-E725CE9D0B02}"
EndProject
Project("{9A19103F-16F7-4668-BE54-9A1E7A4F7556}") = "e-Locadora5.WS.PDF", "e-Locadora5.WS.PDF\e-Locadora5.WS.PDF.csproj", "{7ABADB84-EB65-486E-8B56-004B29811692}"
EndProject
Project("{9A19103F-16F7-4668-BE54-9A1E7A4F7556}") = "e-Locadora5.WS.Email", "e-Locadora5.WS.Email\e-Locadora5.WS.Email.csproj", "{930DD51F-4CF7-4C98-BDC0-3AF77D17FC11}"
EndProject
Project("{FAE04EC0-301F-11D3-BF4B-00C04F79EFBC}") = "e-Locadora5.WorkerService", "e-Locadora5.WorkerService\e-Locadora5.WorkerService.csproj", "{EF51CCF5-683C-48D4-B7A2-B8B49F7F1D87}"
EndProject
Global
	GlobalSection(SolutionConfigurationPlatforms) = preSolution
		Debug|Any CPU = Debug|Any CPU
		Release|Any CPU = Release|Any CPU
	EndGlobalSection
	GlobalSection(ProjectConfigurationPlatforms) = postSolution
		{4A693C00-48AE-4B30-8797-8B06F4CC6B19}.Debug|Any CPU.ActiveCfg = Debug|Any CPU
		{4A693C00-48AE-4B30-8797-8B06F4CC6B19}.Debug|Any CPU.Build.0 = Debug|Any CPU
		{4A693C00-48AE-4B30-8797-8B06F4CC6B19}.Release|Any CPU.ActiveCfg = Release|Any CPU
		{4A693C00-48AE-4B30-8797-8B06F4CC6B19}.Release|Any CPU.Build.0 = Release|Any CPU
		{35394F92-1CF1-405C-8F76-4957E8B4A8CA}.Debug|Any CPU.ActiveCfg = Debug|Any CPU
		{35394F92-1CF1-405C-8F76-4957E8B4A8CA}.Debug|Any CPU.Build.0 = Debug|Any CPU
		{35394F92-1CF1-405C-8F76-4957E8B4A8CA}.Release|Any CPU.ActiveCfg = Release|Any CPU
		{35394F92-1CF1-405C-8F76-4957E8B4A8CA}.Release|Any CPU.Build.0 = Release|Any CPU
		{D2CB812D-39E7-4A7C-A4A8-A59CF62978E1}.Debug|Any CPU.ActiveCfg = Debug|Any CPU
		{D2CB812D-39E7-4A7C-A4A8-A59CF62978E1}.Debug|Any CPU.Build.0 = Debug|Any CPU
		{D2CB812D-39E7-4A7C-A4A8-A59CF62978E1}.Release|Any CPU.ActiveCfg = Release|Any CPU
		{D2CB812D-39E7-4A7C-A4A8-A59CF62978E1}.Release|Any CPU.Build.0 = Release|Any CPU
		{31FCA7EC-A132-49A2-B82E-9EDF0EE3A5C0}.Debug|Any CPU.ActiveCfg = Debug|Any CPU
		{31FCA7EC-A132-49A2-B82E-9EDF0EE3A5C0}.Debug|Any CPU.Build.0 = Debug|Any CPU
		{31FCA7EC-A132-49A2-B82E-9EDF0EE3A5C0}.Debug|Any CPU.Deploy.0 = Debug|Any CPU
		{31FCA7EC-A132-49A2-B82E-9EDF0EE3A5C0}.Release|Any CPU.ActiveCfg = Release|Any CPU
		{31FCA7EC-A132-49A2-B82E-9EDF0EE3A5C0}.Release|Any CPU.Build.0 = Release|Any CPU
		{31FCA7EC-A132-49A2-B82E-9EDF0EE3A5C0}.Release|Any CPU.Deploy.0 = Release|Any CPU
		{DAD20EDF-6A93-48BE-B65C-1C2F182EADF6}.Debug|Any CPU.ActiveCfg = Debug|Any CPU
		{DAD20EDF-6A93-48BE-B65C-1C2F182EADF6}.Debug|Any CPU.Build.0 = Debug|Any CPU
		{DAD20EDF-6A93-48BE-B65C-1C2F182EADF6}.Release|Any CPU.ActiveCfg = Release|Any CPU
		{DAD20EDF-6A93-48BE-B65C-1C2F182EADF6}.Release|Any CPU.Build.0 = Release|Any CPU
		{F1F151E5-37CB-425F-AA7A-0A3914209A9F}.Debug|Any CPU.ActiveCfg = Debug|Any CPU
		{F1F151E5-37CB-425F-AA7A-0A3914209A9F}.Debug|Any CPU.Build.0 = Debug|Any CPU
		{F1F151E5-37CB-425F-AA7A-0A3914209A9F}.Release|Any CPU.ActiveCfg = Release|Any CPU
		{F1F151E5-37CB-425F-AA7A-0A3914209A9F}.Release|Any CPU.Build.0 = Release|Any CPU
		{5A77EB5B-80BC-485B-9A3A-9057A3D04AAE}.Debug|Any CPU.ActiveCfg = Debug|Any CPU
		{5A77EB5B-80BC-485B-9A3A-9057A3D04AAE}.Debug|Any CPU.Build.0 = Debug|Any CPU
		{5A77EB5B-80BC-485B-9A3A-9057A3D04AAE}.Release|Any CPU.ActiveCfg = Release|Any CPU
		{5A77EB5B-80BC-485B-9A3A-9057A3D04AAE}.Release|Any CPU.Build.0 = Release|Any CPU
		{82ED091A-9894-4C77-A80A-DA04B62D185A}.Debug|Any CPU.ActiveCfg = Debug|Any CPU
		{82ED091A-9894-4C77-A80A-DA04B62D185A}.Debug|Any CPU.Build.0 = Debug|Any CPU
		{82ED091A-9894-4C77-A80A-DA04B62D185A}.Release|Any CPU.ActiveCfg = Release|Any CPU
		{82ED091A-9894-4C77-A80A-DA04B62D185A}.Release|Any CPU.Build.0 = Release|Any CPU
		{BC02F6D5-199B-4C9C-BB55-102A173C1B26}.Debug|Any CPU.ActiveCfg = Debug|Any CPU
		{BC02F6D5-199B-4C9C-BB55-102A173C1B26}.Debug|Any CPU.Build.0 = Debug|Any CPU
		{BC02F6D5-199B-4C9C-BB55-102A173C1B26}.Release|Any CPU.ActiveCfg = Release|Any CPU
		{BC02F6D5-199B-4C9C-BB55-102A173C1B26}.Release|Any CPU.Build.0 = Release|Any CPU
		{D691DEF6-BBBA-4E4B-A1F0-B0E984288A0E}.Debug|Any CPU.ActiveCfg = Debug|Any CPU
		{D691DEF6-BBBA-4E4B-A1F0-B0E984288A0E}.Debug|Any CPU.Build.0 = Debug|Any CPU
		{D691DEF6-BBBA-4E4B-A1F0-B0E984288A0E}.Release|Any CPU.ActiveCfg = Release|Any CPU
		{D691DEF6-BBBA-4E4B-A1F0-B0E984288A0E}.Release|Any CPU.Build.0 = Release|Any CPU
		{370D0788-04B8-4EAF-879B-2A90A8AE57EB}.Debug|Any CPU.ActiveCfg = Debug|Any CPU
		{370D0788-04B8-4EAF-879B-2A90A8AE57EB}.Debug|Any CPU.Build.0 = Debug|Any CPU
		{370D0788-04B8-4EAF-879B-2A90A8AE57EB}.Release|Any CPU.ActiveCfg = Release|Any CPU
		{370D0788-04B8-4EAF-879B-2A90A8AE57EB}.Release|Any CPU.Build.0 = Release|Any CPU
		{E7612FAE-AAEE-42E1-8C92-0A81CCAD0537}.Debug|Any CPU.ActiveCfg = Debug|Any CPU
		{E7612FAE-AAEE-42E1-8C92-0A81CCAD0537}.Debug|Any CPU.Build.0 = Debug|Any CPU
		{E7612FAE-AAEE-42E1-8C92-0A81CCAD0537}.Release|Any CPU.ActiveCfg = Release|Any CPU
		{E7612FAE-AAEE-42E1-8C92-0A81CCAD0537}.Release|Any CPU.Build.0 = Release|Any CPU
		{2530232C-512A-4926-AB92-D2445F5DBC6B}.Debug|Any CPU.ActiveCfg = Debug|Any CPU
		{2530232C-512A-4926-AB92-D2445F5DBC6B}.Debug|Any CPU.Build.0 = Debug|Any CPU
		{2530232C-512A-4926-AB92-D2445F5DBC6B}.Release|Any CPU.ActiveCfg = Release|Any CPU
		{2530232C-512A-4926-AB92-D2445F5DBC6B}.Release|Any CPU.Build.0 = Release|Any CPU
		{5437E18B-8B46-4589-A5DA-5F9BBD3D35C7}.Debug|Any CPU.ActiveCfg = Debug|Any CPU
		{5437E18B-8B46-4589-A5DA-5F9BBD3D35C7}.Debug|Any CPU.Build.0 = Debug|Any CPU
		{5437E18B-8B46-4589-A5DA-5F9BBD3D35C7}.Release|Any CPU.ActiveCfg = Release|Any CPU
		{5437E18B-8B46-4589-A5DA-5F9BBD3D35C7}.Release|Any CPU.Build.0 = Release|Any CPU
		{C5152B1D-BA61-47BC-A99D-E2DC4D7D4F32}.Debug|Any CPU.ActiveCfg = Debug|Any CPU
		{C5152B1D-BA61-47BC-A99D-E2DC4D7D4F32}.Debug|Any CPU.Build.0 = Debug|Any CPU
		{C5152B1D-BA61-47BC-A99D-E2DC4D7D4F32}.Release|Any CPU.ActiveCfg = Release|Any CPU
		{C5152B1D-BA61-47BC-A99D-E2DC4D7D4F32}.Release|Any CPU.Build.0 = Release|Any CPU
		{CD9FE878-8A62-432F-BF7E-CF7EADE5767D}.Debug|Any CPU.ActiveCfg = Debug|Any CPU
		{CD9FE878-8A62-432F-BF7E-CF7EADE5767D}.Debug|Any CPU.Build.0 = Debug|Any CPU
		{CD9FE878-8A62-432F-BF7E-CF7EADE5767D}.Release|Any CPU.ActiveCfg = Release|Any CPU
		{CD9FE878-8A62-432F-BF7E-CF7EADE5767D}.Release|Any CPU.Build.0 = Release|Any CPU
		{497644EC-2182-4143-BD2F-5D113D2B0A34}.Debug|Any CPU.ActiveCfg = Debug|Any CPU
		{497644EC-2182-4143-BD2F-5D113D2B0A34}.Debug|Any CPU.Build.0 = Debug|Any CPU
		{497644EC-2182-4143-BD2F-5D113D2B0A34}.Release|Any CPU.ActiveCfg = Release|Any CPU
		{497644EC-2182-4143-BD2F-5D113D2B0A34}.Release|Any CPU.Build.0 = Release|Any CPU
		{052DCCCA-0DC6-4E65-824B-E725CE9D0B02}.Debug|Any CPU.ActiveCfg = Debug|Any CPU
		{052DCCCA-0DC6-4E65-824B-E725CE9D0B02}.Debug|Any CPU.Build.0 = Debug|Any CPU
		{052DCCCA-0DC6-4E65-824B-E725CE9D0B02}.Release|Any CPU.ActiveCfg = Release|Any CPU
		{052DCCCA-0DC6-4E65-824B-E725CE9D0B02}.Release|Any CPU.Build.0 = Release|Any CPU
		{7ABADB84-EB65-486E-8B56-004B29811692}.Debug|Any CPU.ActiveCfg = Debug|Any CPU
		{7ABADB84-EB65-486E-8B56-004B29811692}.Debug|Any CPU.Build.0 = Debug|Any CPU
		{7ABADB84-EB65-486E-8B56-004B29811692}.Release|Any CPU.ActiveCfg = Release|Any CPU
		{7ABADB84-EB65-486E-8B56-004B29811692}.Release|Any CPU.Build.0 = Release|Any CPU
		{930DD51F-4CF7-4C98-BDC0-3AF77D17FC11}.Debug|Any CPU.ActiveCfg = Debug|Any CPU
		{930DD51F-4CF7-4C98-BDC0-3AF77D17FC11}.Debug|Any CPU.Build.0 = Debug|Any CPU
		{930DD51F-4CF7-4C98-BDC0-3AF77D17FC11}.Release|Any CPU.ActiveCfg = Release|Any CPU
		{930DD51F-4CF7-4C98-BDC0-3AF77D17FC11}.Release|Any CPU.Build.0 = Release|Any CPU
		{EF51CCF5-683C-48D4-B7A2-B8B49F7F1D87}.Debug|Any CPU.ActiveCfg = Debug|Any CPU
		{EF51CCF5-683C-48D4-B7A2-B8B49F7F1D87}.Debug|Any CPU.Build.0 = Debug|Any CPU
		{EF51CCF5-683C-48D4-B7A2-B8B49F7F1D87}.Release|Any CPU.ActiveCfg = Release|Any CPU
		{EF51CCF5-683C-48D4-B7A2-B8B49F7F1D87}.Release|Any CPU.Build.0 = Release|Any CPU
	EndGlobalSection
	GlobalSection(SolutionProperties) = preSolution
		HideSolutionNode = FALSE
	EndGlobalSection
	GlobalSection(NestedProjects) = preSolution
		{4A693C00-48AE-4B30-8797-8B06F4CC6B19} = {36BC675D-2698-4453-A01D-C1B462C7394F}
		{35394F92-1CF1-405C-8F76-4957E8B4A8CA} = {BC391AF4-4CCC-4B72-9423-B1A9FD75BCA7}
		{D2CB812D-39E7-4A7C-A4A8-A59CF62978E1} = {4DF93BAB-9398-46F0-8561-D32D99CAA877}
		{31FCA7EC-A132-49A2-B82E-9EDF0EE3A5C0} = {8316D9DE-F54F-48A0-BDF5-4430412E4216}
		{DAD20EDF-6A93-48BE-B65C-1C2F182EADF6} = {A54EF851-10F1-4C40-B4BB-81091CF9B9D0}
		{F1F151E5-37CB-425F-AA7A-0A3914209A9F} = {4DF93BAB-9398-46F0-8561-D32D99CAA877}
		{5A77EB5B-80BC-485B-9A3A-9057A3D04AAE} = {4DF93BAB-9398-46F0-8561-D32D99CAA877}
		{82ED091A-9894-4C77-A80A-DA04B62D185A} = {B32A572C-01AD-4BAF-A576-230499AA7342}
		{BC02F6D5-199B-4C9C-BB55-102A173C1B26} = {4DF93BAB-9398-46F0-8561-D32D99CAA877}
		{D691DEF6-BBBA-4E4B-A1F0-B0E984288A0E} = {B32A572C-01AD-4BAF-A576-230499AA7342}
		{36BC675D-2698-4453-A01D-C1B462C7394F} = {A39C0E7E-3015-4254-B6B3-36AAC53453A4}
		{FF07E2B8-13A3-4F61-9300-E3179F5158A1} = {A39C0E7E-3015-4254-B6B3-36AAC53453A4}
		{BC391AF4-4CCC-4B72-9423-B1A9FD75BCA7} = {A39C0E7E-3015-4254-B6B3-36AAC53453A4}
		{4DF93BAB-9398-46F0-8561-D32D99CAA877} = {A39C0E7E-3015-4254-B6B3-36AAC53453A4}
		{8316D9DE-F54F-48A0-BDF5-4430412E4216} = {A39C0E7E-3015-4254-B6B3-36AAC53453A4}
		{370D0788-04B8-4EAF-879B-2A90A8AE57EB} = {FF07E2B8-13A3-4F61-9300-E3179F5158A1}
		{B32A572C-01AD-4BAF-A576-230499AA7342} = {4DF93BAB-9398-46F0-8561-D32D99CAA877}
		{E7612FAE-AAEE-42E1-8C92-0A81CCAD0537} = {4DF93BAB-9398-46F0-8561-D32D99CAA877}
		{2530232C-512A-4926-AB92-D2445F5DBC6B} = {A54EF851-10F1-4C40-B4BB-81091CF9B9D0}
		{5437E18B-8B46-4589-A5DA-5F9BBD3D35C7} = {A54EF851-10F1-4C40-B4BB-81091CF9B9D0}
		{C5152B1D-BA61-47BC-A99D-E2DC4D7D4F32} = {A54EF851-10F1-4C40-B4BB-81091CF9B9D0}
		{CD9FE878-8A62-432F-BF7E-CF7EADE5767D} = {A54EF851-10F1-4C40-B4BB-81091CF9B9D0}
		{497644EC-2182-4143-BD2F-5D113D2B0A34} = {4DF93BAB-9398-46F0-8561-D32D99CAA877}
		{052DCCCA-0DC6-4E65-824B-E725CE9D0B02} = {A54EF851-10F1-4C40-B4BB-81091CF9B9D0}
		{7ABADB84-EB65-486E-8B56-004B29811692} = {4DF93BAB-9398-46F0-8561-D32D99CAA877}
		{930DD51F-4CF7-4C98-BDC0-3AF77D17FC11} = {4DF93BAB-9398-46F0-8561-D32D99CAA877}
		{EF51CCF5-683C-48D4-B7A2-B8B49F7F1D87} = {36BC675D-2698-4453-A01D-C1B462C7394F}
	EndGlobalSection
	GlobalSection(ExtensibilityGlobals) = postSolution
		SolutionGuid = {9430D310-B209-44C0-9EF0-592D1FA32BBE}
	EndGlobalSection
EndGlobal
